
Microsoft Visual Studio Solution File, Format Version 12.00
# Visual Studio Version 17
VisualStudioVersion = 17.1.32328.378
MinimumVisualStudioVersion = 10.0.40219.1
Project("{FAE04EC0-301F-11D3-BF4B-00C04F79EFBC}") = "AspMovie", "AspMovie\AspMovie.csproj", "{14A0CD9A-A22B-4912-B70F-EA2B89B32A2D}"
EndProject
Global
	GlobalSection(SolutionConfigurationPlatforms) = preSolution
		Debug|Any CPU = Debug|Any CPU
		Release|Any CPU = Release|Any CPU
	EndGlobalSection
	GlobalSection(ProjectConfigurationPlatforms) = postSolution
		{14A0CD9A-A22B-4912-B70F-EA2B89B32A2D}.Debug|Any CPU.ActiveCfg = Debug|Any CPU
		{14A0CD9A-A22B-4912-B70F-EA2B89B32A2D}.Debug|Any CPU.Build.0 = Debug|Any CPU
		{14A0CD9A-A22B-4912-B70F-EA2B89B32A2D}.Release|Any CPU.ActiveCfg = Release|Any CPU
		{14A0CD9A-A22B-4912-B70F-EA2B89B32A2D}.Release|Any CPU.Build.0 = Release|Any CPU
	EndGlobalSection
	GlobalSection(SolutionProperties) = preSolution
		HideSolutionNode = FALSE
	EndGlobalSection
	GlobalSection(ExtensibilityGlobals) = postSolution
		SolutionGuid = {DD0DD03B-5F1B-4D9C-9E2D-9E9CCCBACF8B}
	EndGlobalSection
EndGlobal
